
Microsoft Visual Studio Solution File, Format Version 12.00
# Visual Studio Version 17
VisualStudioVersion = 17.0.31903.59
MinimumVisualStudioVersion = 10.0.40219.1
Project("{2150E333-8FDC-42A3-9474-1A3956D46DE8}") = "src", "src", "{52E3ED29-AB30-4FBD-87D5-05EE3F0C6B03}"
EndProject
Project("{2150E333-8FDC-42A3-9474-1A3956D46DE8}") = "Domain", "Domain", "{D5525270-BCF2-49FB-B2B1-6017EAD05483}"
EndProject
Project("{FAE04EC0-301F-11D3-BF4B-00C04F79EFBC}") = "CNX.Domain", "src\Domain\CNX.Domain\CNX.Domain.csproj", "{D79722D1-BFFD-495E-8928-7A36AA5598CF}"
EndProject
Project("{2150E333-8FDC-42A3-9474-1A3956D46DE8}") = "Application", "Application", "{8D58A3CC-1899-4392-9295-1E0AB4C6BDDE}"
EndProject
Project("{FAE04EC0-301F-11D3-BF4B-00C04F79EFBC}") = "CNX.Application", "src\Application\CNX.Application\CNX.Application.csproj", "{ED40429D-FB8C-4826-AC31-317BBEECBEE7}"
EndProject
Project("{2150E333-8FDC-42A3-9474-1A3956D46DE8}") = "Infrastructure", "Infrastructure", "{8DAF0AEA-6F67-49D0-82B5-38FC06E504F5}"
EndProject
Project("{FAE04EC0-301F-11D3-BF4B-00C04F79EFBC}") = "CNX.Infrastructure", "src\Infrastructure\CNX.Infrastructure\CNX.Infrastructure.csproj", "{F88F2B66-270F-4F10-BAB3-6ECC526F86B9}"
EndProject
Project("{FAE04EC0-301F-11D3-BF4B-00C04F79EFBC}") = "CNX.Shared", "src\CNX.Shared\CNX.Shared.csproj", "{E669FAF7-2DDB-4804-B99A-4125908E0D67}"
EndProject
Project("{2150E333-8FDC-42A3-9474-1A3956D46DE8}") = "Presentation", "Presentation", "{DAC5E6E4-99E9-4A61-91B6-30473264D9B2}"
EndProject
Project("{FAE04EC0-301F-11D3-BF4B-00C04F79EFBC}") = "CNX.Admin.Api", "src\Presentation\CNX.Admin.Api\CNX.Admin.Api.csproj", "{513F6ECE-49B7-4BF0-96D9-A838D793379D}"
EndProject
Project("{FAE04EC0-301F-11D3-BF4B-00C04F79EFBC}") = "CNX.Portal.Api", "src\Presentation\CNX.Portal.Api\CNX.Portal.Api.csproj", "{EBDAB35A-3311-4919-96EB-43BABE70AFB1}"
EndProject
Project("{2150E333-8FDC-42A3-9474-1A3956D46DE8}") = "Tools", "Tools", "{B45B0009-9F9D-44F6-9B17-32D8A40B34BA}"
EndProject
Project("{FAE04EC0-301F-11D3-BF4B-00C04F79EFBC}") = "CNX.CodeGen", "src\Tools\CNX.CodeGen\CNX.CodeGen.csproj", "{12AB7DB5-B436-4114-8AC2-28E5888E62BD}"
EndProject
Project("{2150E333-8FDC-42A3-9474-1A3956D46DE8}") = "Web", "Web", "{B9D74FDA-C2CB-43FC-B6F0-60FDD145CF67}"
EndProject
Project("{FAE04EC0-301F-11D3-BF4B-00C04F79EFBC}") = "CNX.StaffPortal", "src\Web\CNX.StaffPortal\CNX.StaffPortal.csproj", "{EC8498F5-E897-4324-A344-C5ED2B20BD0D}"
EndProject
Project("{FAE04EC0-301F-11D3-BF4B-00C04F79EFBC}") = "CNX.TenantWeb", "src\Web\CNX.TenantWeb\CNX.TenantWeb.csproj", "{954CFA3E-3C0E-43BF-B1E9-3140EF9DA1E8}"
EndProject
Global
	GlobalSection(SolutionConfigurationPlatforms) = preSolution
		Debug|Any CPU = Debug|Any CPU
		Release|Any CPU = Release|Any CPU
	EndGlobalSection
	GlobalSection(SolutionProperties) = preSolution
		HideSolutionNode = FALSE
	EndGlobalSection
	GlobalSection(ProjectConfigurationPlatforms) = postSolution
		{D79722D1-BFFD-495E-8928-7A36AA5598CF}.Debug|Any CPU.ActiveCfg = Debug|Any CPU
		{D79722D1-BFFD-495E-8928-7A36AA5598CF}.Debug|Any CPU.Build.0 = Debug|Any CPU
		{D79722D1-BFFD-495E-8928-7A36AA5598CF}.Release|Any CPU.ActiveCfg = Release|Any CPU
		{D79722D1-BFFD-495E-8928-7A36AA5598CF}.Release|Any CPU.Build.0 = Release|Any CPU
		{ED40429D-FB8C-4826-AC31-317BBEECBEE7}.Debug|Any CPU.ActiveCfg = Debug|Any CPU
		{ED40429D-FB8C-4826-AC31-317BBEECBEE7}.Debug|Any CPU.Build.0 = Debug|Any CPU
		{ED40429D-FB8C-4826-AC31-317BBEECBEE7}.Release|Any CPU.ActiveCfg = Release|Any CPU
		{ED40429D-FB8C-4826-AC31-317BBEECBEE7}.Release|Any CPU.Build.0 = Release|Any CPU
		{F88F2B66-270F-4F10-BAB3-6ECC526F86B9}.Debug|Any CPU.ActiveCfg = Debug|Any CPU
		{F88F2B66-270F-4F10-BAB3-6ECC526F86B9}.Debug|Any CPU.Build.0 = Debug|Any CPU
		{F88F2B66-270F-4F10-BAB3-6ECC526F86B9}.Release|Any CPU.ActiveCfg = Release|Any CPU
		{F88F2B66-270F-4F10-BAB3-6ECC526F86B9}.Release|Any CPU.Build.0 = Release|Any CPU
		{E669FAF7-2DDB-4804-B99A-4125908E0D67}.Debug|Any CPU.ActiveCfg = Debug|Any CPU
		{E669FAF7-2DDB-4804-B99A-4125908E0D67}.Debug|Any CPU.Build.0 = Debug|Any CPU
		{E669FAF7-2DDB-4804-B99A-4125908E0D67}.Release|Any CPU.ActiveCfg = Release|Any CPU
		{E669FAF7-2DDB-4804-B99A-4125908E0D67}.Release|Any CPU.Build.0 = Release|Any CPU
		{513F6ECE-49B7-4BF0-96D9-A838D793379D}.Debug|Any CPU.ActiveCfg = Debug|Any CPU
		{513F6ECE-49B7-4BF0-96D9-A838D793379D}.Debug|Any CPU.Build.0 = Debug|Any CPU
		{513F6ECE-49B7-4BF0-96D9-A838D793379D}.Release|Any CPU.ActiveCfg = Release|Any CPU
		{513F6ECE-49B7-4BF0-96D9-A838D793379D}.Release|Any CPU.Build.0 = Release|Any CPU
		{EBDAB35A-3311-4919-96EB-43BABE70AFB1}.Debug|Any CPU.ActiveCfg = Debug|Any CPU
		{EBDAB35A-3311-4919-96EB-43BABE70AFB1}.Debug|Any CPU.Build.0 = Debug|Any CPU
		{EBDAB35A-3311-4919-96EB-43BABE70AFB1}.Release|Any CPU.ActiveCfg = Release|Any CPU
		{EBDAB35A-3311-4919-96EB-43BABE70AFB1}.Release|Any CPU.Build.0 = Release|Any CPU
		{12AB7DB5-B436-4114-8AC2-28E5888E62BD}.Debug|Any CPU.ActiveCfg = Debug|Any CPU
		{12AB7DB5-B436-4114-8AC2-28E5888E62BD}.Debug|Any CPU.Build.0 = Debug|Any CPU
		{12AB7DB5-B436-4114-8AC2-28E5888E62BD}.Release|Any CPU.ActiveCfg = Release|Any CPU
		{12AB7DB5-B436-4114-8AC2-28E5888E62BD}.Release|Any CPU.Build.0 = Release|Any CPU
		{EC8498F5-E897-4324-A344-C5ED2B20BD0D}.Debug|Any CPU.ActiveCfg = Debug|Any CPU
		{EC8498F5-E897-4324-A344-C5ED2B20BD0D}.Debug|Any CPU.Build.0 = Debug|Any CPU
		{EC8498F5-E897-4324-A344-C5ED2B20BD0D}.Release|Any CPU.ActiveCfg = Release|Any CPU
		{EC8498F5-E897-4324-A344-C5ED2B20BD0D}.Release|Any CPU.Build.0 = Release|Any CPU
		{954CFA3E-3C0E-43BF-B1E9-3140EF9DA1E8}.Debug|Any CPU.ActiveCfg = Debug|Any CPU
		{954CFA3E-3C0E-43BF-B1E9-3140EF9DA1E8}.Debug|Any CPU.Build.0 = Debug|Any CPU
		{954CFA3E-3C0E-43BF-B1E9-3140EF9DA1E8}.Release|Any CPU.ActiveCfg = Release|Any CPU
		{954CFA3E-3C0E-43BF-B1E9-3140EF9DA1E8}.Release|Any CPU.Build.0 = Release|Any CPU
	EndGlobalSection
	GlobalSection(NestedProjects) = preSolution
		{D5525270-BCF2-49FB-B2B1-6017EAD05483} = {52E3ED29-AB30-4FBD-87D5-05EE3F0C6B03}
		{D79722D1-BFFD-495E-8928-7A36AA5598CF} = {D5525270-BCF2-49FB-B2B1-6017EAD05483}
		{8D58A3CC-1899-4392-9295-1E0AB4C6BDDE} = {52E3ED29-AB30-4FBD-87D5-05EE3F0C6B03}
		{ED40429D-FB8C-4826-AC31-317BBEECBEE7} = {8D58A3CC-1899-4392-9295-1E0AB4C6BDDE}
		{8DAF0AEA-6F67-49D0-82B5-38FC06E504F5} = {52E3ED29-AB30-4FBD-87D5-05EE3F0C6B03}
		{F88F2B66-270F-4F10-BAB3-6ECC526F86B9} = {8DAF0AEA-6F67-49D0-82B5-38FC06E504F5}
		{E669FAF7-2DDB-4804-B99A-4125908E0D67} = {52E3ED29-AB30-4FBD-87D5-05EE3F0C6B03}
		{DAC5E6E4-99E9-4A61-91B6-30473264D9B2} = {52E3ED29-AB30-4FBD-87D5-05EE3F0C6B03}
		{513F6ECE-49B7-4BF0-96D9-A838D793379D} = {DAC5E6E4-99E9-4A61-91B6-30473264D9B2}
		{EBDAB35A-3311-4919-96EB-43BABE70AFB1} = {DAC5E6E4-99E9-4A61-91B6-30473264D9B2}
		{12AB7DB5-B436-4114-8AC2-28E5888E62BD} = {B45B0009-9F9D-44F6-9B17-32D8A40B34BA}
		{EC8498F5-E897-4324-A344-C5ED2B20BD0D} = {B9D74FDA-C2CB-43FC-B6F0-60FDD145CF67}
		{954CFA3E-3C0E-43BF-B1E9-3140EF9DA1E8} = {B9D74FDA-C2CB-43FC-B6F0-60FDD145CF67}
	EndGlobalSection
EndGlobal
